
Microsoft Visual Studio Solution File, Format Version 12.00
# Visual Studio 15
VisualStudioVersion = 15.0.26430.14
MinimumVisualStudioVersion = 10.0.40219.1
Project("{FAE04EC0-301F-11D3-BF4B-00C04F79EFBC}") = "RememberBreakDownItem", "RememberBreakDownItem\RememberBreakDownItem.csproj", "{36E8BDAF-A46D-4729-B60D-F42190A089DC}"
EndProject
Project("{FAE04EC0-301F-11D3-BF4B-00C04F79EFBC}") = "AddModdedToVersionString", "AddModdedToVersionString\AddModdedToVersionString.csproj", "{743B0742-A358-4902-B7B7-322BD8781709}"
EndProject
Project("{FAE04EC0-301F-11D3-BF4B-00C04F79EFBC}") = "DisableTracking", "DisableTracking\DisableTracking.csproj", "{425F5C84-F38C-4EE4-A769-968B30D072DA}"
EndProject
Project("{FAE04EC0-301F-11D3-BF4B-00C04F79EFBC}") = "WildlifeBegone", "WildlifeBegone\WildlifeBegone.csproj", "{C242B863-2595-4442-9933-7AA73550806E}"
EndProject
Project("{FAE04EC0-301F-11D3-BF4B-00C04F79EFBC}") = "DisableBreathEffect", "DisableBreathEffect\DisableBreathEffect.csproj", "{767D39F3-38D3-4623-86D8-DD38E9DEF6DC}"
EndProject
Global
	GlobalSection(SolutionConfigurationPlatforms) = preSolution
		Debug|Any CPU = Debug|Any CPU
		Release|Any CPU = Release|Any CPU
	EndGlobalSection
	GlobalSection(ProjectConfigurationPlatforms) = postSolution
		{36E8BDAF-A46D-4729-B60D-F42190A089DC}.Debug|Any CPU.ActiveCfg = Debug|Any CPU
		{36E8BDAF-A46D-4729-B60D-F42190A089DC}.Debug|Any CPU.Build.0 = Debug|Any CPU
		{36E8BDAF-A46D-4729-B60D-F42190A089DC}.Release|Any CPU.ActiveCfg = Release|Any CPU
		{36E8BDAF-A46D-4729-B60D-F42190A089DC}.Release|Any CPU.Build.0 = Release|Any CPU
		{743B0742-A358-4902-B7B7-322BD8781709}.Debug|Any CPU.ActiveCfg = Debug|Any CPU
		{743B0742-A358-4902-B7B7-322BD8781709}.Debug|Any CPU.Build.0 = Debug|Any CPU
		{743B0742-A358-4902-B7B7-322BD8781709}.Release|Any CPU.ActiveCfg = Release|Any CPU
		{743B0742-A358-4902-B7B7-322BD8781709}.Release|Any CPU.Build.0 = Release|Any CPU
		{425F5C84-F38C-4EE4-A769-968B30D072DA}.Debug|Any CPU.ActiveCfg = Debug|Any CPU
		{425F5C84-F38C-4EE4-A769-968B30D072DA}.Debug|Any CPU.Build.0 = Debug|Any CPU
		{425F5C84-F38C-4EE4-A769-968B30D072DA}.Release|Any CPU.ActiveCfg = Release|Any CPU
		{425F5C84-F38C-4EE4-A769-968B30D072DA}.Release|Any CPU.Build.0 = Release|Any CPU
		{C242B863-2595-4442-9933-7AA73550806E}.Debug|Any CPU.ActiveCfg = Debug|Any CPU
		{C242B863-2595-4442-9933-7AA73550806E}.Debug|Any CPU.Build.0 = Debug|Any CPU
		{C242B863-2595-4442-9933-7AA73550806E}.Release|Any CPU.ActiveCfg = Release|Any CPU
		{C242B863-2595-4442-9933-7AA73550806E}.Release|Any CPU.Build.0 = Release|Any CPU
		{767D39F3-38D3-4623-86D8-DD38E9DEF6DC}.Debug|Any CPU.ActiveCfg = Debug|Any CPU
		{767D39F3-38D3-4623-86D8-DD38E9DEF6DC}.Debug|Any CPU.Build.0 = Debug|Any CPU
		{767D39F3-38D3-4623-86D8-DD38E9DEF6DC}.Release|Any CPU.ActiveCfg = Release|Any CPU
		{767D39F3-38D3-4623-86D8-DD38E9DEF6DC}.Release|Any CPU.Build.0 = Release|Any CPU
	EndGlobalSection
	GlobalSection(SolutionProperties) = preSolution
		HideSolutionNode = FALSE
	EndGlobalSection
EndGlobal
